
Microsoft Visual Studio Solution File, Format Version 12.00
# Visual Studio 14
VisualStudioVersion = 14.0.25420.1
MinimumVisualStudioVersion = 10.0.40219.1
Project("{FAE04EC0-301F-11D3-BF4B-00C04F79EFBC}") = "CrossPuzzleCore", "CrossPuzzleCore\CrossPuzzleCore.csproj", "{5D50585A-2020-4B27-BD39-C925C0F88BB5}"
EndProject
Project("{FAE04EC0-301F-11D3-BF4B-00C04F79EFBC}") = "CrossPuzzelConsole", "CrossPuzzelConsole\CrossPuzzelConsole.csproj", "{6ED32DB2-5393-4D50-A98B-DA6CF618149D}"
EndProject
Global
	GlobalSection(SolutionConfigurationPlatforms) = preSolution
		Debug|Any CPU = Debug|Any CPU
		Release|Any CPU = Release|Any CPU
	EndGlobalSection
	GlobalSection(ProjectConfigurationPlatforms) = postSolution
		{5D50585A-2020-4B27-BD39-C925C0F88BB5}.Debug|Any CPU.ActiveCfg = Debug|Any CPU
		{5D50585A-2020-4B27-BD39-C925C0F88BB5}.Debug|Any CPU.Build.0 = Debug|Any CPU
		{5D50585A-2020-4B27-BD39-C925C0F88BB5}.Release|Any CPU.ActiveCfg = Release|Any CPU
		{5D50585A-2020-4B27-BD39-C925C0F88BB5}.Release|Any CPU.Build.0 = Release|Any CPU
		{6ED32DB2-5393-4D50-A98B-DA6CF618149D}.Debug|Any CPU.ActiveCfg = Debug|Any CPU
		{6ED32DB2-5393-4D50-A98B-DA6CF618149D}.Debug|Any CPU.Build.0 = Debug|Any CPU
		{6ED32DB2-5393-4D50-A98B-DA6CF618149D}.Release|Any CPU.ActiveCfg = Release|Any CPU
		{6ED32DB2-5393-4D50-A98B-DA6CF618149D}.Release|Any CPU.Build.0 = Release|Any CPU
	EndGlobalSection
	GlobalSection(SolutionProperties) = preSolution
		HideSolutionNode = FALSE
	EndGlobalSection
EndGlobal
